
Microsoft Visual Studio Solution File, Format Version 12.00
# Visual Studio Version 16
VisualStudioVersion = 16.0.30011.22
MinimumVisualStudioVersion = 10.0.40219.1
Project("{9A19103F-16F7-4668-BE54-9A1E7A4F7556}") = "StudentManagement", "StudentManagement.csproj", "{0A2BF6D3-3E22-4EC4-8AA0-12C853D2A452}"
EndProject
Global
	GlobalSection(SolutionConfigurationPlatforms) = preSolution
		Debug|Any CPU = Debug|Any CPU
		Release|Any CPU = Release|Any CPU
	EndGlobalSection
	GlobalSection(ProjectConfigurationPlatforms) = postSolution
		{0A2BF6D3-3E22-4EC4-8AA0-12C853D2A452}.Debug|Any CPU.ActiveCfg = Debug|Any CPU
		{0A2BF6D3-3E22-4EC4-8AA0-12C853D2A452}.Debug|Any CPU.Build.0 = Debug|Any CPU
		{0A2BF6D3-3E22-4EC4-8AA0-12C853D2A452}.Release|Any CPU.ActiveCfg = Release|Any CPU
		{0A2BF6D3-3E22-4EC4-8AA0-12C853D2A452}.Release|Any CPU.Build.0 = Release|Any CPU
	EndGlobalSection
	GlobalSection(SolutionProperties) = preSolution
		HideSolutionNode = FALSE
	EndGlobalSection
	GlobalSection(ExtensibilityGlobals) = postSolution
		SolutionGuid = {DC7D90D5-832C-47C5-BB58-873AA0E9D5C9}
	EndGlobalSection
EndGlobal
